uuid: a1aa0088-e25e-443d-af07-d7664c36d609
langcode: en
status: true
dependencies:
  config:
    - block_content.type.video_text_block
  module:
    - content_translation
third_party_settings:
  content_translation:
    enabled: true
id: block_content.video_text_block
target_entity_type_id: block_content
target_bundle: video_text_block
default_langcode: site_default
language_alterable: true
